
Microsoft Visual Studio Solution File, Format Version 12.00
# Visual Studio Version 17
VisualStudioVersion = 17.14.36717.8 d17.14
MinimumVisualStudioVersion = 10.0.40219.1
Project("{FAE04EC0-301F-11D3-BF4B-00C04F79EFBC}") = "Projeto_Final_M17A", "Projeto_Final_M17A\Projeto_Final_M17A.csproj", "{7BD72B3E-2076-467B-947D-8A4A204C6589}"
EndProject
Global
	GlobalSection(SolutionConfigurationPlatforms) = preSolution
		Debug|Any CPU = Debug|Any CPU
		Release|Any CPU = Release|Any CPU
	EndGlobalSection
	GlobalSection(ProjectConfigurationPlatforms) = postSolution
		{7BD72B3E-2076-467B-947D-8A4A204C6589}.Debug|Any CPU.ActiveCfg = Debug|Any CPU
		{7BD72B3E-2076-467B-947D-8A4A204C6589}.Debug|Any CPU.Build.0 = Debug|Any CPU
		{7BD72B3E-2076-467B-947D-8A4A204C6589}.Release|Any CPU.ActiveCfg = Release|Any CPU
		{7BD72B3E-2076-467B-947D-8A4A204C6589}.Release|Any CPU.Build.0 = Release|Any CPU
	EndGlobalSection
	GlobalSection(SolutionProperties) = preSolution
		HideSolutionNode = FALSE
	EndGlobalSection
	GlobalSection(ExtensibilityGlobals) = postSolution
		SolutionGuid = {B14D119A-8205-410C-9F72-CC60E7E86C70}
	EndGlobalSection
EndGlobal
